
Microsoft Visual Studio Solution File, Format Version 12.00
# Visual Studio Version 16
VisualStudioVersion = 16.0.30320.27
MinimumVisualStudioVersion = 10.0.40219.1
Project("{9A19103F-16F7-4668-BE54-9A1E7A4F7556}") = "RedisSessionSample", "RedisSessionSample\RedisSessionSample.csproj", "{5E137E55-2E5C-4C7C-B9EA-F6C800493E6F}"
EndProject
Project("{9A19103F-16F7-4668-BE54-9A1E7A4F7556}") = "RedisCacheSample", "RedisCacheSample\RedisCacheSample.csproj", "{987C712F-77B7-4840-B1CB-2DE193ED52CC}"
EndProject
Project("{2150E333-8FDC-42A3-9474-1A3956D46DE8}") = "Queue", "Queue", "{DB4EBD1D-2C1A-4055-B81A-416026C4B00F}"
EndProject
Project("{9A19103F-16F7-4668-BE54-9A1E7A4F7556}") = "RedisQueueProducerSample", "RedisQueueProducerSample\RedisQueueProducerSample.csproj", "{919A5359-536C-4719-9965-24D3FED6B183}"
EndProject
Project("{9A19103F-16F7-4668-BE54-9A1E7A4F7556}") = "RedisQueueConsumerSample", "RedisQueueConsumerSample\RedisQueueConsumerSample.csproj", "{8687FD9A-2D1D-44BF-A78E-80044BE5B0B4}"
EndProject
Project("{9A19103F-16F7-4668-BE54-9A1E7A4F7556}") = "RedisQueueLib", "RedisQueueLib\RedisQueueLib.csproj", "{A61FFF6C-DAF2-43DA-9A65-46609CF22CC0}"
EndProject
Project("{2150E333-8FDC-42A3-9474-1A3956D46DE8}") = "PublishSubscribe", "PublishSubscribe", "{C38FB1A2-72EE-4194-9A5E-E158E7040290}"
EndProject
Project("{FAE04EC0-301F-11D3-BF4B-00C04F79EFBC}") = "RedisPublishSample", "RedisPublishSample\RedisPublishSample.csproj", "{FFAFEF29-DBD9-43A4-817C-1E9C9242AC56}"
EndProject
Project("{FAE04EC0-301F-11D3-BF4B-00C04F79EFBC}") = "RedisSubscribeSample", "RedisSubscribeSample\RedisSubscribeSample.csproj", "{684A9E1D-10A3-4EC9-9084-5A1D1BFD9E7F}"
EndProject
Project("{FAE04EC0-301F-11D3-BF4B-00C04F79EFBC}") = "RedisPublishSubscribeLib", "RedisPublishSubscribeLib\RedisPublishSubscribeLib.csproj", "{49C8308A-D57E-4229-BE58-4C251DC9ECF3}"
EndProject
Global
	GlobalSection(SolutionConfigurationPlatforms) = preSolution
		Debug|Any CPU = Debug|Any CPU
		Release|Any CPU = Release|Any CPU
	EndGlobalSection
	GlobalSection(ProjectConfigurationPlatforms) = postSolution
		{5E137E55-2E5C-4C7C-B9EA-F6C800493E6F}.Debug|Any CPU.ActiveCfg = Debug|Any CPU
		{5E137E55-2E5C-4C7C-B9EA-F6C800493E6F}.Debug|Any CPU.Build.0 = Debug|Any CPU
		{5E137E55-2E5C-4C7C-B9EA-F6C800493E6F}.Release|Any CPU.ActiveCfg = Release|Any CPU
		{5E137E55-2E5C-4C7C-B9EA-F6C800493E6F}.Release|Any CPU.Build.0 = Release|Any CPU
		{987C712F-77B7-4840-B1CB-2DE193ED52CC}.Debug|Any CPU.ActiveCfg = Debug|Any CPU
		{987C712F-77B7-4840-B1CB-2DE193ED52CC}.Debug|Any CPU.Build.0 = Debug|Any CPU
		{987C712F-77B7-4840-B1CB-2DE193ED52CC}.Release|Any CPU.ActiveCfg = Release|Any CPU
		{987C712F-77B7-4840-B1CB-2DE193ED52CC}.Release|Any CPU.Build.0 = Release|Any CPU
		{919A5359-536C-4719-9965-24D3FED6B183}.Debug|Any CPU.ActiveCfg = Debug|Any CPU
		{919A5359-536C-4719-9965-24D3FED6B183}.Debug|Any CPU.Build.0 = Debug|Any CPU
		{919A5359-536C-4719-9965-24D3FED6B183}.Release|Any CPU.ActiveCfg = Release|Any CPU
		{919A5359-536C-4719-9965-24D3FED6B183}.Release|Any CPU.Build.0 = Release|Any CPU
		{8687FD9A-2D1D-44BF-A78E-80044BE5B0B4}.Debug|Any CPU.ActiveCfg = Debug|Any CPU
		{8687FD9A-2D1D-44BF-A78E-80044BE5B0B4}.Debug|Any CPU.Build.0 = Debug|Any CPU
		{8687FD9A-2D1D-44BF-A78E-80044BE5B0B4}.Release|Any CPU.ActiveCfg = Release|Any CPU
		{8687FD9A-2D1D-44BF-A78E-80044BE5B0B4}.Release|Any CPU.Build.0 = Release|Any CPU
		{A61FFF6C-DAF2-43DA-9A65-46609CF22CC0}.Debug|Any CPU.ActiveCfg = Debug|Any CPU
		{A61FFF6C-DAF2-43DA-9A65-46609CF22CC0}.Debug|Any CPU.Build.0 = Debug|Any CPU
		{A61FFF6C-DAF2-43DA-9A65-46609CF22CC0}.Release|Any CPU.ActiveCfg = Release|Any CPU
		{A61FFF6C-DAF2-43DA-9A65-46609CF22CC0}.Release|Any CPU.Build.0 = Release|Any CPU
		{FFAFEF29-DBD9-43A4-817C-1E9C9242AC56}.Debug|Any CPU.ActiveCfg = Debug|Any CPU
		{FFAFEF29-DBD9-43A4-817C-1E9C9242AC56}.Debug|Any CPU.Build.0 = Debug|Any CPU
		{FFAFEF29-DBD9-43A4-817C-1E9C9242AC56}.Release|Any CPU.ActiveCfg = Release|Any CPU
		{FFAFEF29-DBD9-43A4-817C-1E9C9242AC56}.Release|Any CPU.Build.0 = Release|Any CPU
		{684A9E1D-10A3-4EC9-9084-5A1D1BFD9E7F}.Debug|Any CPU.ActiveCfg = Debug|Any CPU
		{684A9E1D-10A3-4EC9-9084-5A1D1BFD9E7F}.Debug|Any CPU.Build.0 = Debug|Any CPU
		{684A9E1D-10A3-4EC9-9084-5A1D1BFD9E7F}.Release|Any CPU.ActiveCfg = Release|Any CPU
		{684A9E1D-10A3-4EC9-9084-5A1D1BFD9E7F}.Release|Any CPU.Build.0 = Release|Any CPU
		{49C8308A-D57E-4229-BE58-4C251DC9ECF3}.Debug|Any CPU.ActiveCfg = Debug|Any CPU
		{49C8308A-D57E-4229-BE58-4C251DC9ECF3}.Debug|Any CPU.Build.0 = Debug|Any CPU
		{49C8308A-D57E-4229-BE58-4C251DC9ECF3}.Release|Any CPU.ActiveCfg = Release|Any CPU
		{49C8308A-D57E-4229-BE58-4C251DC9ECF3}.Release|Any CPU.Build.0 = Release|Any CPU
	EndGlobalSection
	GlobalSection(SolutionProperties) = preSolution
		HideSolutionNode = FALSE
	EndGlobalSection
	GlobalSection(NestedProjects) = preSolution
		{919A5359-536C-4719-9965-24D3FED6B183} = {DB4EBD1D-2C1A-4055-B81A-416026C4B00F}
		{8687FD9A-2D1D-44BF-A78E-80044BE5B0B4} = {DB4EBD1D-2C1A-4055-B81A-416026C4B00F}
		{A61FFF6C-DAF2-43DA-9A65-46609CF22CC0} = {DB4EBD1D-2C1A-4055-B81A-416026C4B00F}
		{FFAFEF29-DBD9-43A4-817C-1E9C9242AC56} = {C38FB1A2-72EE-4194-9A5E-E158E7040290}
		{684A9E1D-10A3-4EC9-9084-5A1D1BFD9E7F} = {C38FB1A2-72EE-4194-9A5E-E158E7040290}
		{49C8308A-D57E-4229-BE58-4C251DC9ECF3} = {C38FB1A2-72EE-4194-9A5E-E158E7040290}
	EndGlobalSection
	GlobalSection(ExtensibilityGlobals) = postSolution
		SolutionGuid = {8CB0F808-AFE5-4EF7-96B8-D392F95EE5BE}
	EndGlobalSection
EndGlobal
